
Microsoft Visual Studio Solution File, Format Version 12.00
# Visual Studio Version 17
VisualStudioVersion = 17.1.32210.238
MinimumVisualStudioVersion = 10.0.40219.1
Project("{9A19103F-16F7-4668-BE54-9A1E7A4F7556}") = "GraphQL.NET", "GraphQL.NET\GraphQL.NET.csproj", "{69C6B72F-D4C4-4519-A0BD-6A0ACE5FB458}"
EndProject
Project("{9A19103F-16F7-4668-BE54-9A1E7A4F7556}") = "GraphQLAutomationTest", "GraphQLAutomationTest\GraphQLAutomationTest\GraphQLAutomationTest.csproj", "{E97323D6-9D5B-40E6-9092-87C12773E9A3}"
EndProject
Global
	GlobalSection(SolutionConfigurationPlatforms) = preSolution
		Debug|Any CPU = Debug|Any CPU
		Release|Any CPU = Release|Any CPU
	EndGlobalSection
	GlobalSection(ProjectConfigurationPlatforms) = postSolution
		{69C6B72F-D4C4-4519-A0BD-6A0ACE5FB458}.Debug|Any CPU.ActiveCfg = Debug|Any CPU
		{69C6B72F-D4C4-4519-A0BD-6A0ACE5FB458}.Debug|Any CPU.Build.0 = Debug|Any CPU
		{69C6B72F-D4C4-4519-A0BD-6A0ACE5FB458}.Release|Any CPU.ActiveCfg = Release|Any CPU
		{69C6B72F-D4C4-4519-A0BD-6A0ACE5FB458}.Release|Any CPU.Build.0 = Release|Any CPU
		{E97323D6-9D5B-40E6-9092-87C12773E9A3}.Debug|Any CPU.ActiveCfg = Debug|Any CPU
		{E97323D6-9D5B-40E6-9092-87C12773E9A3}.Debug|Any CPU.Build.0 = Debug|Any CPU
		{E97323D6-9D5B-40E6-9092-87C12773E9A3}.Release|Any CPU.ActiveCfg = Release|Any CPU
		{E97323D6-9D5B-40E6-9092-87C12773E9A3}.Release|Any CPU.Build.0 = Release|Any CPU
	EndGlobalSection
	GlobalSection(SolutionProperties) = preSolution
		HideSolutionNode = FALSE
	EndGlobalSection
	GlobalSection(ExtensibilityGlobals) = postSolution
		SolutionGuid = {BD5A7817-98D1-4D86-8A75-26BA4FD1606F}
	EndGlobalSection
EndGlobal
